
Microsoft Visual Studio Solution File, Format Version 12.00
# Visual Studio 15
VisualStudioVersion = 15.0.28010.2041
MinimumVisualStudioVersion = 10.0.40219.1
Project("{8BC9CEB8-8B4A-11D0-8D11-00A0C91BC942}") = "MyTask6", "MyTask6\MyTask6.vcxproj", "{D8D05DD5-4498-4B5A-BE64-EDA938EF24F1}"
EndProject
Global
	GlobalSection(SolutionConfigurationPlatforms) = preSolution
		Debug|x64 = Debug|x64
		Debug|x86 = Debug|x86
		Release|x64 = Release|x64
		Release|x86 = Release|x86
	EndGlobalSection
	GlobalSection(ProjectConfigurationPlatforms) = postSolution
		{D8D05DD5-4498-4B5A-BE64-EDA938EF24F1}.Debug|x64.ActiveCfg = Debug|x64
		{D8D05DD5-4498-4B5A-BE64-EDA938EF24F1}.Debug|x64.Build.0 = Debug|x64
		{D8D05DD5-4498-4B5A-BE64-EDA938EF24F1}.Debug|x86.ActiveCfg = Debug|Win32
		{D8D05DD5-4498-4B5A-BE64-EDA938EF24F1}.Debug|x86.Build.0 = Debug|Win32
		{D8D05DD5-4498-4B5A-BE64-EDA938EF24F1}.Release|x64.ActiveCfg = Release|x64
		{D8D05DD5-4498-4B5A-BE64-EDA938EF24F1}.Release|x64.Build.0 = Release|x64
		{D8D05DD5-4498-4B5A-BE64-EDA938EF24F1}.Release|x86.ActiveCfg = Release|Win32
		{D8D05DD5-4498-4B5A-BE64-EDA938EF24F1}.Release|x86.Build.0 = Release|Win32
	EndGlobalSection
	GlobalSection(SolutionProperties) = preSolution
		HideSolutionNode = FALSE
	EndGlobalSection
	GlobalSection(ExtensibilityGlobals) = postSolution
		SolutionGuid = {AEFA8A53-FE33-4F53-89B1-744FBCD2BAD6}
	EndGlobalSection
EndGlobal
