
Microsoft Visual Studio Solution File, Format Version 12.00
# Visual Studio 15
VisualStudioVersion = 15.0.28010.2041
MinimumVisualStudioVersion = 10.0.40219.1
Project("{8BC9CEB8-8B4A-11D0-8D11-00A0C91BC942}") = "MyTask2", "MyTask2\MyTask2.vcxproj", "{31BA00A7-B96B-4753-A30C-8CFDB6F56111}"
EndProject
Global
	GlobalSection(SolutionConfigurationPlatforms) = preSolution
		Debug|x64 = Debug|x64
		Debug|x86 = Debug|x86
		Release|x64 = Release|x64
		Release|x86 = Release|x86
	EndGlobalSection
	GlobalSection(ProjectConfigurationPlatforms) = postSolution
		{31BA00A7-B96B-4753-A30C-8CFDB6F56111}.Debug|x64.ActiveCfg = Debug|x64
		{31BA00A7-B96B-4753-A30C-8CFDB6F56111}.Debug|x64.Build.0 = Debug|x64
		{31BA00A7-B96B-4753-A30C-8CFDB6F56111}.Debug|x86.ActiveCfg = Debug|Win32
		{31BA00A7-B96B-4753-A30C-8CFDB6F56111}.Debug|x86.Build.0 = Debug|Win32
		{31BA00A7-B96B-4753-A30C-8CFDB6F56111}.Release|x64.ActiveCfg = Release|x64
		{31BA00A7-B96B-4753-A30C-8CFDB6F56111}.Release|x64.Build.0 = Release|x64
		{31BA00A7-B96B-4753-A30C-8CFDB6F56111}.Release|x86.ActiveCfg = Release|Win32
		{31BA00A7-B96B-4753-A30C-8CFDB6F56111}.Release|x86.Build.0 = Release|Win32
	EndGlobalSection
	GlobalSection(SolutionProperties) = preSolution
		HideSolutionNode = FALSE
	EndGlobalSection
	GlobalSection(ExtensibilityGlobals) = postSolution
		SolutionGuid = {A461373B-DE08-4CF4-8491-D92F000559C4}
	EndGlobalSection
EndGlobal
